
Microsoft Visual Studio Solution File, Format Version 12.00
# Visual Studio Version 17
VisualStudioVersion = 17.5.33530.505
MinimumVisualStudioVersion = 10.0.40219.1
Project("{2150E333-8FDC-42A3-9474-1A3956D46DE8}") = "Core", "Core", "{2E5B457D-3630-4688-9D0E-2B58084C0C5D}"
EndProject
Project("{9A19103F-16F7-4668-BE54-9A1E7A4F7556}") = "Domain", "Domain\Domain.csproj", "{A0BFEFF7-52B6-42DE-AD2C-06F22A65E2D6}"
EndProject
Project("{2150E333-8FDC-42A3-9474-1A3956D46DE8}") = "Presentation", "Presentation", "{C342BC02-CA19-4130-8280-4A206D477C59}"
EndProject
Project("{2150E333-8FDC-42A3-9474-1A3956D46DE8}") = "Infrastructure", "Infrastructure", "{71F9425D-17F7-4A01-A9CF-D54E5FC3B5EE}"
EndProject
Project("{9A19103F-16F7-4668-BE54-9A1E7A4F7556}") = "Crosscutting", "Crosscutting\Crosscutting.csproj", "{64676A32-8437-4D98-ACFE-FB59A0E30259}"
EndProject
Project("{9A19103F-16F7-4668-BE54-9A1E7A4F7556}") = "Data", "Data\Data.csproj", "{37F05051-2070-44B3-9D65-BAA7553D8BB7}"
EndProject
Project("{00D1A9C2-B5F0-4AF3-8072-F6C62B433612}") = "SpendManagement", "Database\SpendManagement.sqlproj", "{0D604B5E-CE89-44CA-84A9-DACDC5805DBD}"
EndProject
Project("{9A19103F-16F7-4668-BE54-9A1E7A4F7556}") = "Application.Kafka", "Application.Kafka\Application.Kafka.csproj", "{7027CD5E-CBDF-41E0-BDD3-017CB5641109}"
EndProject
Project("{9A19103F-16F7-4668-BE54-9A1E7A4F7556}") = "SpendManagement.Domain.API", "SpendManagement.Domain.API\SpendManagement.Domain.API.csproj", "{6BA7F020-EF6F-49B1-AF75-E60577CCC7FA}"
EndProject
Global
	GlobalSection(SolutionConfigurationPlatforms) = preSolution
		Debug|Any CPU = Debug|Any CPU
		Release|Any CPU = Release|Any CPU
	EndGlobalSection
	GlobalSection(ProjectConfigurationPlatforms) = postSolution
		{A0BFEFF7-52B6-42DE-AD2C-06F22A65E2D6}.Debug|Any CPU.ActiveCfg = Debug|Any CPU
		{A0BFEFF7-52B6-42DE-AD2C-06F22A65E2D6}.Debug|Any CPU.Build.0 = Debug|Any CPU
		{A0BFEFF7-52B6-42DE-AD2C-06F22A65E2D6}.Release|Any CPU.ActiveCfg = Release|Any CPU
		{A0BFEFF7-52B6-42DE-AD2C-06F22A65E2D6}.Release|Any CPU.Build.0 = Release|Any CPU
		{64676A32-8437-4D98-ACFE-FB59A0E30259}.Debug|Any CPU.ActiveCfg = Debug|Any CPU
		{64676A32-8437-4D98-ACFE-FB59A0E30259}.Debug|Any CPU.Build.0 = Debug|Any CPU
		{64676A32-8437-4D98-ACFE-FB59A0E30259}.Release|Any CPU.ActiveCfg = Release|Any CPU
		{64676A32-8437-4D98-ACFE-FB59A0E30259}.Release|Any CPU.Build.0 = Release|Any CPU
		{37F05051-2070-44B3-9D65-BAA7553D8BB7}.Debug|Any CPU.ActiveCfg = Debug|Any CPU
		{37F05051-2070-44B3-9D65-BAA7553D8BB7}.Debug|Any CPU.Build.0 = Debug|Any CPU
		{37F05051-2070-44B3-9D65-BAA7553D8BB7}.Release|Any CPU.ActiveCfg = Release|Any CPU
		{37F05051-2070-44B3-9D65-BAA7553D8BB7}.Release|Any CPU.Build.0 = Release|Any CPU
		{0D604B5E-CE89-44CA-84A9-DACDC5805DBD}.Debug|Any CPU.ActiveCfg = Debug|Any CPU
		{0D604B5E-CE89-44CA-84A9-DACDC5805DBD}.Debug|Any CPU.Build.0 = Debug|Any CPU
		{0D604B5E-CE89-44CA-84A9-DACDC5805DBD}.Debug|Any CPU.Deploy.0 = Debug|Any CPU
		{0D604B5E-CE89-44CA-84A9-DACDC5805DBD}.Release|Any CPU.ActiveCfg = Release|Any CPU
		{0D604B5E-CE89-44CA-84A9-DACDC5805DBD}.Release|Any CPU.Build.0 = Release|Any CPU
		{0D604B5E-CE89-44CA-84A9-DACDC5805DBD}.Release|Any CPU.Deploy.0 = Release|Any CPU
		{7027CD5E-CBDF-41E0-BDD3-017CB5641109}.Debug|Any CPU.ActiveCfg = Debug|Any CPU
		{7027CD5E-CBDF-41E0-BDD3-017CB5641109}.Debug|Any CPU.Build.0 = Debug|Any CPU
		{7027CD5E-CBDF-41E0-BDD3-017CB5641109}.Release|Any CPU.ActiveCfg = Release|Any CPU
		{7027CD5E-CBDF-41E0-BDD3-017CB5641109}.Release|Any CPU.Build.0 = Release|Any CPU
		{6BA7F020-EF6F-49B1-AF75-E60577CCC7FA}.Debug|Any CPU.ActiveCfg = Debug|Any CPU
		{6BA7F020-EF6F-49B1-AF75-E60577CCC7FA}.Debug|Any CPU.Build.0 = Debug|Any CPU
		{6BA7F020-EF6F-49B1-AF75-E60577CCC7FA}.Release|Any CPU.ActiveCfg = Release|Any CPU
		{6BA7F020-EF6F-49B1-AF75-E60577CCC7FA}.Release|Any CPU.Build.0 = Release|Any CPU
	EndGlobalSection
	GlobalSection(SolutionProperties) = preSolution
		HideSolutionNode = FALSE
	EndGlobalSection
	GlobalSection(NestedProjects) = preSolution
		{A0BFEFF7-52B6-42DE-AD2C-06F22A65E2D6} = {2E5B457D-3630-4688-9D0E-2B58084C0C5D}
		{64676A32-8437-4D98-ACFE-FB59A0E30259} = {71F9425D-17F7-4A01-A9CF-D54E5FC3B5EE}
		{37F05051-2070-44B3-9D65-BAA7553D8BB7} = {71F9425D-17F7-4A01-A9CF-D54E5FC3B5EE}
		{0D604B5E-CE89-44CA-84A9-DACDC5805DBD} = {71F9425D-17F7-4A01-A9CF-D54E5FC3B5EE}
		{7027CD5E-CBDF-41E0-BDD3-017CB5641109} = {2E5B457D-3630-4688-9D0E-2B58084C0C5D}
		{6BA7F020-EF6F-49B1-AF75-E60577CCC7FA} = {C342BC02-CA19-4130-8280-4A206D477C59}
	EndGlobalSection
	GlobalSection(ExtensibilityGlobals) = postSolution
		SolutionGuid = {6DB7E096-A418-44A5-A52C-643DE2B880E6}
	EndGlobalSection
EndGlobal
